
Microsoft Visual Studio Solution File, Format Version 12.00
# Visual Studio 2012
Project("{FAE04EC0-301F-11D3-BF4B-00C04F79EFBC}") = "DBConnectionComponent", "DBConnectionComponent\DBConnectionComponent.csproj", "{1CFFB954-DCE8-4E4C-9245-EE388E94437B}"
EndProject
Global
	GlobalSection(SolutionConfigurationPlatforms) = preSolution
		Debug|Any CPU = Debug|Any CPU
		Release|Any CPU = Release|Any CPU
	EndGlobalSection
	GlobalSection(ProjectConfigurationPlatforms) = postSolution
		{1CFFB954-DCE8-4E4C-9245-EE388E94437B}.Debug|Any CPU.ActiveCfg = Debug|Any CPU
		{1CFFB954-DCE8-4E4C-9245-EE388E94437B}.Debug|Any CPU.Build.0 = Debug|Any CPU
		{1CFFB954-DCE8-4E4C-9245-EE388E94437B}.Release|Any CPU.ActiveCfg = Release|Any CPU
		{1CFFB954-DCE8-4E4C-9245-EE388E94437B}.Release|Any CPU.Build.0 = Release|Any CPU
	EndGlobalSection
	GlobalSection(SolutionProperties) = preSolution
		HideSolutionNode = FALSE
	EndGlobalSection
EndGlobal
