
Microsoft Visual Studio Solution File, Format Version 12.00
# Visual Studio 2012
Project("{FAE04EC0-301F-11D3-BF4B-00C04F79EFBC}") = "StringManipComponent", "StringManipComponent\StringManipComponent.csproj", "{315643DB-5F5B-4EE7-9BB0-4A7B8D5C1010}"
EndProject
Global
	GlobalSection(SolutionConfigurationPlatforms) = preSolution
		Debug|Any CPU = Debug|Any CPU
		Release|Any CPU = Release|Any CPU
	EndGlobalSection
	GlobalSection(ProjectConfigurationPlatforms) = postSolution
		{315643DB-5F5B-4EE7-9BB0-4A7B8D5C1010}.Debug|Any CPU.ActiveCfg = Debug|Any CPU
		{315643DB-5F5B-4EE7-9BB0-4A7B8D5C1010}.Debug|Any CPU.Build.0 = Debug|Any CPU
		{315643DB-5F5B-4EE7-9BB0-4A7B8D5C1010}.Release|Any CPU.ActiveCfg = Release|Any CPU
		{315643DB-5F5B-4EE7-9BB0-4A7B8D5C1010}.Release|Any CPU.Build.0 = Release|Any CPU
	EndGlobalSection
	GlobalSection(SolutionProperties) = preSolution
		HideSolutionNode = FALSE
	EndGlobalSection
EndGlobal
