
Microsoft Visual Studio Solution File, Format Version 12.00
# Visual Studio 2012
Project("{FAE04EC0-301F-11D3-BF4B-00C04F79EFBC}") = "CitiesComponents", "CitiesComponents\CitiesComponents.csproj", "{CAF91667-24D8-4AE2-9832-E98521CDEC14}"
EndProject
Global
	GlobalSection(SolutionConfigurationPlatforms) = preSolution
		Debug|Any CPU = Debug|Any CPU
		Release|Any CPU = Release|Any CPU
	EndGlobalSection
	GlobalSection(ProjectConfigurationPlatforms) = postSolution
		{CAF91667-24D8-4AE2-9832-E98521CDEC14}.Debug|Any CPU.ActiveCfg = Debug|Any CPU
		{CAF91667-24D8-4AE2-9832-E98521CDEC14}.Debug|Any CPU.Build.0 = Debug|Any CPU
		{CAF91667-24D8-4AE2-9832-E98521CDEC14}.Release|Any CPU.ActiveCfg = Release|Any CPU
		{CAF91667-24D8-4AE2-9832-E98521CDEC14}.Release|Any CPU.Build.0 = Release|Any CPU
	EndGlobalSection
	GlobalSection(SolutionProperties) = preSolution
		HideSolutionNode = FALSE
	EndGlobalSection
EndGlobal
